
Microsoft Visual Studio Solution File, Format Version 12.00
# Visual Studio 15
VisualStudioVersion = 15.0.27703.2047
MinimumVisualStudioVersion = 10.0.40219.1
Project("{FAE04EC0-301F-11D3-BF4B-00C04F79EFBC}") = "Bebop.Monads", "Bebop.Monads\Bebop.Monads.csproj", "{4CD67C7F-DFD7-41E0-A80E-44252ACCAB3F}"
EndProject
Project("{FAE04EC0-301F-11D3-BF4B-00C04F79EFBC}") = "Tests.Bebop.Monads", "Tests.Bebop.Monads\Tests.Bebop.Monads.csproj", "{9144C3B1-FE9E-444B-BCC1-55BEEADBC462}"
EndProject
Global
	GlobalSection(SolutionConfigurationPlatforms) = preSolution
		Debug|Any CPU = Debug|Any CPU
		Release|Any CPU = Release|Any CPU
	EndGlobalSection
	GlobalSection(ProjectConfigurationPlatforms) = postSolution
		{4CD67C7F-DFD7-41E0-A80E-44252ACCAB3F}.Debug|Any CPU.ActiveCfg = Debug|Any CPU
		{4CD67C7F-DFD7-41E0-A80E-44252ACCAB3F}.Debug|Any CPU.Build.0 = Debug|Any CPU
		{4CD67C7F-DFD7-41E0-A80E-44252ACCAB3F}.Release|Any CPU.ActiveCfg = Release|Any CPU
		{4CD67C7F-DFD7-41E0-A80E-44252ACCAB3F}.Release|Any CPU.Build.0 = Release|Any CPU
		{9144C3B1-FE9E-444B-BCC1-55BEEADBC462}.Debug|Any CPU.ActiveCfg = Debug|Any CPU
		{9144C3B1-FE9E-444B-BCC1-55BEEADBC462}.Debug|Any CPU.Build.0 = Debug|Any CPU
		{9144C3B1-FE9E-444B-BCC1-55BEEADBC462}.Release|Any CPU.ActiveCfg = Release|Any CPU
		{9144C3B1-FE9E-444B-BCC1-55BEEADBC462}.Release|Any CPU.Build.0 = Release|Any CPU
	EndGlobalSection
	GlobalSection(SolutionProperties) = preSolution
		HideSolutionNode = FALSE
	EndGlobalSection
	GlobalSection(ExtensibilityGlobals) = postSolution
		SolutionGuid = {1C3BCF08-AD54-4312-9465-D9F39213E760}
	EndGlobalSection
EndGlobal
